// !$*UTF8*$!
{
	archiveVersion = 1;
	classes = {
	};
	objectVersion = 46;
	objects = {

/* Begin PBXBuildFile section */
		9F1191811DAC92D200410CFC /* UGrokItApiResources.bundle in Resources */ = {isa = PBXBuildFile; fileRef = 9F1191801DAC92D200410CFC /* UGrokItApiResources.bundle */; };
		9F1191821DAC92D200410CFC /* UGrokItApiResources.bundle in Resources */ = {isa = PBXBuildFile; fileRef = 9F1191801DAC92D200410CFC /* UGrokItApiResources.bundle */; };
		9F1191831DAC92D200410CFC /* UGrokItApiResources.bundle in Resources */ = {isa = PBXBuildFile; fileRef = 9F1191801DAC92D200410CFC /* UGrokItApiResources.bundle */; };
		9F1191851DAC92E900410CFC /* libUGrokItApi.a in Frameworks */ = {isa = PBXBuildFile; fileRef = 9F1191841DAC92E900410CFC /* libUGrokItApi.a */; };
		9F1191861DAC92E900410CFC /* libUGrokItApi.a in Frameworks */ = {isa = PBXBuildFile; fileRef = 9F1191841DAC92E900410CFC /* libUGrokItApi.a */; };
		9F1191871DAC92E900410CFC /* libUGrokItApi.a in Frameworks */ = {isa = PBXBuildFile; fileRef = 9F1191841DAC92E900410CFC /* libUGrokItApi.a */; };
		9F1191881DAC939700410CFC /* libz.tbd in Frameworks */ = {isa = PBXBuildFile; fileRef = 9F11917E1DAC8F1200410CFC /* libz.tbd */; };
		9FB8C8371DAA912C00AC6A57 /* AppDelegate.swift in Sources */ = {isa = PBXBuildFile; fileRef = 9FB8C8361DAA912C00AC6A57 /* AppDelegate.swift */; };
		9FB8C8391DAA912C00AC6A57 /* ViewController.swift in Sources */ = {isa = PBXBuildFile; fileRef = 9FB8C8381DAA912C00AC6A57 /* ViewController.swift */; };
		9FB8C83C1DAA912C00AC6A57 /* Main.storyboard in Resources */ = {isa = PBXBuildFile; fileRef = 9FB8C83A1DAA912C00AC6A57 /* Main.storyboard */; };
		9FB8C83E1DAA912C00AC6A57 /* Assets.xcassets in Resources */ = {isa = PBXBuildFile; fileRef = 9FB8C83D1DAA912C00AC6A57 /* Assets.xcassets */; };
		9FB8C8411DAA912C00AC6A57 /* LaunchScreen.storyboard in Resources */ = {isa = PBXBuildFile; fileRef = 9FB8C83F1DAA912C00AC6A57 /* LaunchScreen.storyboard */; };
		9FB8C84C1DAA912C00AC6A57 /* ssaTests.swift in Sources */ = {isa = PBXBuildFile; fileRef = 9FB8C84B1DAA912C00AC6A57 /* ssaTests.swift */; };
		9FB8C8571DAA912C00AC6A57 /* ssaUITests.swift in Sources */ = {isa = PBXBuildFile; fileRef = 9FB8C8561DAA912C00AC6A57 /* ssaUITests.swift */; };
/* End PBXBuildFile section */

/* Begin PBXContainerItemProxy section */
		9FB8C8481DAA912C00AC6A57 /* PBXContainerItemProxy */ = {
			isa = PBXContainerItemProxy;
			containerPortal = 9FB8C82B1DAA912C00AC6A57 /* Project object */;
			proxyType = 1;
			remoteGlobalIDString = 9FB8C8321DAA912C00AC6A57;
			remoteInfo = ssa;
		};
		9FB8C8531DAA912C00AC6A57 /* PBXContainerItemProxy */ = {
			isa = PBXContainerItemProxy;
			containerPortal = 9FB8C82B1DAA912C00AC6A57 /* Project object */;
			proxyType = 1;
			remoteGlobalIDString = 9FB8C8321DAA912C00AC6A57;
			remoteInfo = ssa;
		};
/* End PBXContainerItemProxy section */

/* Begin PBXFileReference section */
		9F11917E1DAC8F1200410CFC /* libz.tbd */ = {isa = PBXFileReference; lastKnownFileType = "sourcecode.text-based-dylib-definition"; name = libz.tbd; path = usr/lib/libz.tbd; sourceTree = SDKROOT; };
		9F1191801DAC92D200410CFC /* UGrokItApiResources.bundle */ = {isa = PBXFileReference; lastKnownFileType = "wrapper.plug-in"; name = UGrokItApiResources.bundle; path = ../UGrokItApiResources.bundle; sourceTree = "<group>"; };
		9F1191841DAC92E900410CFC /* libUGrokItApi.a */ = {isa = PBXFileReference; lastKnownFileType = archive.ar; name = libUGrokItApi.a; path = ../libUGrokItApi.a; sourceTree = "<group>"; };
		9FB8C8331DAA912C00AC6A57 /* ssa.app */ = {isa = PBXFileReference; explicitFileType = wrapper.application; includeInIndex = 0; path = ssa.app; sourceTree = BUILT_PRODUCTS_DIR; };
		9FB8C8361DAA912C00AC6A57 /* AppDelegate.swift */ = {isa = PBXFileReference; lastKnownFileType = sourcecode.swift; path = AppDelegate.swift; sourceTree = "<group>"; };
		9FB8C8381DAA912C00AC6A57 /* ViewController.swift */ = {isa = PBXFileReference; lastKnownFileType = sourcecode.swift; path = ViewController.swift; sourceTree = "<group>"; };
		9FB8C83B1DAA912C00AC6A57 /* Base */ = {isa = PBXFileReference; lastKnownFileType = file.storyboard; name = Base; path = Base.lproj/Main.storyboard; sourceTree = "<group>"; };
		9FB8C83D1DAA912C00AC6A57 /* Assets.xcassets */ = {isa = PBXFileReference; lastKnownFileType = folder.assetcatalog; path = Assets.xcassets; sourceTree = "<group>"; };
		9FB8C8401DAA912C00AC6A57 /* Base */ = {isa = PBXFileReference; lastKnownFileType = file.storyboard; name = Base; path = Base.lproj/LaunchScreen.storyboard; sourceTree = "<group>"; };
		9FB8C8421DAA912C00AC6A57 /* Info.plist */ = {isa = PBXFileReference; lastKnownFileType = text.plist.xml; path = Info.plist; sourceTree = "<group>"; };
		9FB8C8471DAA912C00AC6A57 /* ssaTests.xctest */ = {isa = PBXFileReference; explicitFileType = wrapper.cfbundle; includeInIndex = 0; path = ssaTests.xctest; sourceTree = BUILT_PRODUCTS_DIR; };
		9FB8C84B1DAA912C00AC6A57 /* ssaTests.swift */ = {isa = PBXFileReference; lastKnownFileType = sourcecode.swift; path = ssaTests.swift; sourceTree = "<group>"; };
		9FB8C84D1DAA912C00AC6A57 /* Info.plist */ = {isa = PBXFileReference; lastKnownFileType = text.plist.xml; path = Info.plist; sourceTree = "<group>"; };
		9FB8C8521DAA912C00AC6A57 /* ssaUITests.xctest */ = {isa = PBXFileReference; explicitFileType = wrapper.cfbundle; includeInIndex = 0; path = ssaUITests.xctest; sourceTree = BUILT_PRODUCTS_DIR; };
		9FB8C8561DAA912C00AC6A57 /* ssaUITests.swift */ = {isa = PBXFileReference; lastKnownFileType = sourcecode.swift; path = ssaUITests.swift; sourceTree = "<group>"; };
		9FB8C8581DAA912C00AC6A57 /* Info.plist */ = {isa = PBXFileReference; lastKnownFileType = text.plist.xml; path = Info.plist; sourceTree = "<group>"; };
/* End PBXFileReference section */

/* Begin PBXFrameworksBuildPhase section */
		9FB8C8301DAA912C00AC6A57 /* Frameworks */ = {
			isa = PBXFrameworksBuildPhase;
			buildActionMask = 2147483647;
			files = (
				9F1191851DAC92E900410CFC /* libUGrokItApi.a in Frameworks */,
				9F1191881DAC939700410CFC /* libz.tbd in Frameworks */,
			);
			runOnlyForDeploymentPostprocessing = 0;
		};
		9FB8C8441DAA912C00AC6A57 /* Frameworks */ = {
			isa = PBXFrameworksBuildPhase;
			buildActionMask = 2147483647;
			files = (
				9F1191861DAC92E900410CFC /* libUGrokItApi.a in Frameworks */,
			);
			runOnlyForDeploymentPostprocessing = 0;
		};
		9FB8C84F1DAA912C00AC6A57 /* Frameworks */ = {
			isa = PBXFrameworksBuildPhase;
			buildActionMask = 2147483647;
			files = (
				9F1191871DAC92E900410CFC /* libUGrokItApi.a in Frameworks */,
			);
			runOnlyForDeploymentPostprocessing = 0;
		};
/* End PBXFrameworksBuildPhase section */

/* Begin PBXGroup section */
		9F11917D1DAC8F1200410CFC /* Frameworks */ = {
			isa = PBXGroup;
			children = (
				9F11917E1DAC8F1200410CFC /* libz.tbd */,
			);
			name = Frameworks;
			sourceTree = "<group>";
		};
		9FB8C82A1DAA912C00AC6A57 = {
			isa = PBXGroup;
			children = (
				9F1191841DAC92E900410CFC /* libUGrokItApi.a */,
				9F1191801DAC92D200410CFC /* UGrokItApiResources.bundle */,
				9FB8C8351DAA912C00AC6A57 /* ssa */,
				9FB8C84A1DAA912C00AC6A57 /* ssaTests */,
				9FB8C8551DAA912C00AC6A57 /* ssaUITests */,
				9FB8C8341DAA912C00AC6A57 /* Products */,
				9F11917D1DAC8F1200410CFC /* Frameworks */,
			);
			sourceTree = "<group>";
		};
		9FB8C8341DAA912C00AC6A57 /* Products */ = {
			isa = PBXGroup;
			children = (
				9FB8C8331DAA912C00AC6A57 /* ssa.app */,
				9FB8C8471DAA912C00AC6A57 /* ssaTests.xctest */,
				9FB8C8521DAA912C00AC6A57 /* ssaUITests.xctest */,
			);
			name = Products;
			sourceTree = "<group>";
		};
		9FB8C8351DAA912C00AC6A57 /* ssa */ = {
			isa = PBXGroup;
			children = (
				9FB8C8361DAA912C00AC6A57 /* AppDelegate.swift */,
				9FB8C8381DAA912C00AC6A57 /* ViewController.swift */,
				9FB8C83A1DAA912C00AC6A57 /* Main.storyboard */,
				9FB8C83D1DAA912C00AC6A57 /* Assets.xcassets */,
				9FB8C83F1DAA912C00AC6A57 /* LaunchScreen.storyboard */,
				9FB8C8421DAA912C00AC6A57 /* Info.plist */,
			);
			path = ssa;
			sourceTree = "<group>";
		};
		9FB8C84A1DAA912C00AC6A57 /* ssaTests */ = {
			isa = PBXGroup;
			children = (
				9FB8C84B1DAA912C00AC6A57 /* ssaTests.swift */,
				9FB8C84D1DAA912C00AC6A57 /* Info.plist */,
			);
			path = ssaTests;
			sourceTree = "<group>";
		};
		9FB8C8551DAA912C00AC6A57 /* ssaUITests */ = {
			isa = PBXGroup;
			children = (
				9FB8C8561DAA912C00AC6A57 /* ssaUITests.swift */,
				9FB8C8581DAA912C00AC6A57 /* Info.plist */,
			);
			path = ssaUITests;
			sourceTree = "<group>";
		};
/* End PBXGroup section */

/* Begin PBXNativeTarget section */
		9FB8C8321DAA912C00AC6A57 /* ssa */ = {
			isa = PBXNativeTarget;
			buildConfigurationList = 9FB8C85B1DAA912C00AC6A57 /* Build configuration list for PBXNativeTarget "ssa" */;
			buildPhases = (
				9FB8C82F1DAA912C00AC6A57 /* Sources */,
				9FB8C8301DAA912C00AC6A57 /* Frameworks */,
				9FB8C8311DAA912C00AC6A57 /* Resources */,
			);
			buildRules = (
			);
			dependencies = (
			);
			name = ssa;
			productName = ssa;
			productReference = 9FB8C8331DAA912C00AC6A57 /* ssa.app */;
			productType = "com.apple.product-type.application";
		};
		9FB8C8461DAA912C00AC6A57 /* ssaTests */ = {
			isa = PBXNativeTarget;
			buildConfigurationList = 9FB8C85E1DAA912C00AC6A57 /* Build configuration list for PBXNativeTarget "ssaTests" */;
			buildPhases = (
				9FB8C8431DAA912C00AC6A57 /* Sources */,
				9FB8C8441DAA912C00AC6A57 /* Frameworks */,
				9FB8C8451DAA912C00AC6A57 /* Resources */,
			);
			buildRules = (
			);
			dependencies = (
				9FB8C8491DAA912C00AC6A57 /* PBXTargetDependency */,
			);
			name = ssaTests;
			productName = ssaTests;
			productReference = 9FB8C8471DAA912C00AC6A57 /* ssaTests.xctest */;
			productType = "com.apple.product-type.bundle.unit-test";
		};
		9FB8C8511DAA912C00AC6A57 /* ssaUITests */ = {
			isa = PBXNativeTarget;
			buildConfigurationList = 9FB8C8611DAA912C00AC6A57 /* Build configuration list for PBXNativeTarget "ssaUITests" */;
			buildPhases = (
				9FB8C84E1DAA912C00AC6A57 /* Sources */,
				9FB8C84F1DAA912C00AC6A57 /* Frameworks */,
				9FB8C8501DAA912C00AC6A57 /* Resources */,
			);
			buildRules = (
			);
			dependencies = (
				9FB8C8541DAA912C00AC6A57 /* PBXTargetDependency */,
			);
			name = ssaUITests;
			productName = ssaUITests;
			productReference = 9FB8C8521DAA912C00AC6A57 /* ssaUITests.xctest */;
			productType = "com.apple.product-type.bundle.ui-testing";
		};
/* End PBXNativeTarget section */

/* Begin PBXProject section */
		9FB8C82B1DAA912C00AC6A57 /* Project object */ = {
			isa = PBXProject;
			attributes = {
				LastSwiftUpdateCheck = 0800;
				LastUpgradeCheck = 0800;
				ORGANIZATIONNAME = "Alexander Prokic";
				TargetAttributes = {
					9FB8C8321DAA912C00AC6A57 = {
						CreatedOnToolsVersion = 8.0;
						DevelopmentTeam = T52YGY8GH7;
						ProvisioningStyle = Automatic;
					};
					9FB8C8461DAA912C00AC6A57 = {
						CreatedOnToolsVersion = 8.0;
						ProvisioningStyle = Automatic;
						TestTargetID = 9FB8C8321DAA912C00AC6A57;
					};
					9FB8C8511DAA912C00AC6A57 = {
						CreatedOnToolsVersion = 8.0;
						ProvisioningStyle = Automatic;
						TestTargetID = 9FB8C8321DAA912C00AC6A57;
					};
				};
			};
			buildConfigurationList = 9FB8C82E1DAA912C00AC6A57 /* Build configuration list for PBXProject "ssa" */;
			compatibilityVersion = "Xcode 3.2";
			developmentRegion = English;
			hasScannedForEncodings = 0;
			knownRegions = (
				en,
				Base,
			);
			mainGroup = 9FB8C82A1DAA912C00AC6A57;
			productRefGroup = 9FB8C8341DAA912C00AC6A57 /* Products */;
			projectDirPath = "";
			projectRoot = "";
			targets = (
				9FB8C8321DAA912C00AC6A57 /* ssa */,
				9FB8C8461DAA912C00AC6A57 /* ssaTests */,
				9FB8C8511DAA912C00AC6A57 /* ssaUITests */,
			);
		};
/* End PBXProject section */

/* Begin PBXResourcesBuildPhase section */
		9FB8C8311DAA912C00AC6A57 /* Resources */ = {
			isa = PBXResourcesBuildPhase;
			buildActionMask = 2147483647;
			files = (
				9F1191811DAC92D200410CFC /* UGrokItApiResources.bundle in Resources */,
				9FB8C8411DAA912C00AC6A57 /* LaunchScreen.storyboard in Resources */,
				9FB8C83E1DAA912C00AC6A57 /* Assets.xcassets in Resources */,
				9FB8C83C1DAA912C00AC6A57 /* Main.storyboard in Resources */,
			);
			runOnlyForDeploymentPostprocessing = 0;
		};
		9FB8C8451DAA912C00AC6A57 /* Resources */ = {
			isa = PBXResourcesBuildPhase;
			buildActionMask = 2147483647;
			files = (
				9F1191821DAC92D200410CFC /* UGrokItApiResources.bundle in Resources */,
			);
			runOnlyForDeploymentPostprocessing = 0;
		};
		9FB8C8501DAA912C00AC6A57 /* Resources */ = {
			isa = PBXResourcesBuildPhase;
			buildActionMask = 2147483647;
			files = (
				9F1191831DAC92D200410CFC /* UGrokItApiResources.bundle in Resources */,
			);
			runOnlyForDeploymentPostprocessing = 0;
		};
/* End PBXResourcesBuildPhase section */

/* Begin PBXSourcesBuildPhase section */
		9FB8C82F1DAA912C00AC6A57 /* Sources */ = {
			isa = PBXSourcesBuildPhase;
			buildActionMask = 2147483647;
			files = (
				9FB8C8391DAA912C00AC6A57 /* ViewController.swift in Sources */,
				9FB8C8371DAA912C00AC6A57 /* AppDelegate.swift in Sources */,
			);
			runOnlyForDeploymentPostprocessing = 0;
		};
		9FB8C8431DAA912C00AC6A57 /* Sources */ = {
			isa = PBXSourcesBuildPhase;
			buildActionMask = 2147483647;
			files = (
				9FB8C84C1DAA912C00AC6A57 /* ssaTests.swift in Sources */,
			);
			runOnlyForDeploymentPostprocessing = 0;
		};
		9FB8C84E1DAA912C00AC6A57 /* Sources */ = {
			isa = PBXSourcesBuildPhase;
			buildActionMask = 2147483647;
			files = (
				9FB8C8571DAA912C00AC6A57 /* ssaUITests.swift in Sources */,
			);
			runOnlyForDeploymentPostprocessing = 0;
		};
/* End PBXSourcesBuildPhase section */

/* Begin PBXTargetDependency section */
		9FB8C8491DAA912C00AC6A57 /* PBXTargetDependency */ = {
			isa = PBXTargetDependency;
			target = 9FB8C8321DAA912C00AC6A57 /* ssa */;
			targetProxy = 9FB8C8481DAA912C00AC6A57 /* PBXContainerItemProxy */;
		};
		9FB8C8541DAA912C00AC6A57 /* PBXTargetDependency */ = {
			isa = PBXTargetDependency;
			target = 9FB8C8321DAA912C00AC6A57 /* ssa */;
			targetProxy = 9FB8C8531DAA912C00AC6A57 /* PBXContainerItemProxy */;
		};
/* End PBXTargetDependency section */

/* Begin PBXVariantGroup section */
		9FB8C83A1DAA912C00AC6A57 /* Main.storyboard */ = {
			isa = PBXVariantGroup;
			children = (
				9FB8C83B1DAA912C00AC6A57 /* Base */,
			);
			name = Main.storyboard;
			sourceTree = "<group>";
		};
		9FB8C83F1DAA912C00AC6A57 /* LaunchScreen.storyboard */ = {
			isa = PBXVariantGroup;
			children = (
				9FB8C8401DAA912C00AC6A57 /* Base */,
			);
			name = LaunchScreen.storyboard;
			sourceTree = "<group>";
		};
/* End PBXVariantGroup section */

/* Begin XCBuildConfiguration section */
		9FB8C8591DAA912C00AC6A57 /* Debug */ = {
			isa = XCBuildConfiguration;
			buildSettings = {
				ALWAYS_SEARCH_USER_PATHS = NO;
				CLANG_ANALYZER_NONNULL = YES;
				CLANG_CXX_LANGUAGE_STANDARD = "gnu++0x";
				CLANG_CXX_LIBRARY = "libc++";
				CLANG_ENABLE_MODULES = YES;
				CLANG_ENABLE_OBJC_ARC = YES;
				CLANG_WARN_BOOL_CONVERSION = YES;
				CLANG_WARN_CONSTANT_CONVERSION = YES;
				CLANG_WARN_DIRECT_OBJC_ISA_USAGE = YES_ERROR;
				CLANG_WARN_DOCUMENTATION_COMMENTS = YES;
				CLANG_WARN_EMPTY_BODY = YES;
				CLANG_WARN_ENUM_CONVERSION = YES;
				CLANG_WARN_INFINITE_RECURSION = YES;
				CLANG_WARN_INT_CONVERSION = YES;
				CLANG_WARN_OBJC_ROOT_CLASS = YES_ERROR;
				CLANG_WARN_SUSPICIOUS_MOVES = YES;
				CLANG_WARN_UNREACHABLE_CODE = YES;
				CLANG_WARN__DUPLICATE_METHOD_MATCH = YES;
				"CODE_SIGN_IDENTITY[sdk=iphoneos*]" = "iPhone Developer";
				COPY_PHASE_STRIP = NO;
				DEBUG_INFORMATION_FORMAT = dwarf;
				ENABLE_STRICT_OBJC_MSGSEND = YES;
				ENABLE_TESTABILITY = YES;
				GCC_C_LANGUAGE_STANDARD = gnu99;
				GCC_DYNAMIC_NO_PIC = NO;
				GCC_NO_COMMON_BLOCKS = YES;
				GCC_OPTIMIZATION_LEVEL = 0;
				GCC_PREPROCESSOR_DEFINITIONS = (
					"DEBUG=1",
					"$(inherited)",
				);
				GCC_WARN_64_TO_32_BIT_CONVERSION = YES;
				GCC_WARN_ABOUT_RETURN_TYPE = YES_ERROR;
				GCC_WARN_UNDECLARED_SELECTOR = YES;
				GCC_WARN_UNINITIALIZED_AUTOS = YES_AGGRESSIVE;
				GCC_WARN_UNUSED_FUNCTION = YES;
				GCC_WARN_UNUSED_VARIABLE = YES;
				IPHONEOS_DEPLOYMENT_TARGET = 10.0;
				MTL_ENABLE_DEBUG_INFO = YES;
				ONLY_ACTIVE_ARCH = YES;
				SDKROOT = iphoneos;
				SWIFT_ACTIVE_COMPILATION_CONDITIONS = DEBUG;
				SWIFT_OPTIMIZATION_LEVEL = "-Onone";
				TARGETED_DEVICE_FAMILY = "1,2";
			};
			name = Debug;
		};
		9FB8C85A1DAA912C00AC6A57 /* Release */ = {
			isa = XCBuildConfiguration;
			buildSettings = {
				ALWAYS_SEARCH_USER_PATHS = NO;
				CLANG_ANALYZER_NONNULL = YES;
				CLANG_CXX_LANGUAGE_STANDARD = "gnu++0x";
				CLANG_CXX_LIBRARY = "libc++";
				CLANG_ENABLE_MODULES = YES;
				CLANG_ENABLE_OBJC_ARC = YES;
				CLANG_WARN_BOOL_CONVERSION = YES;
				CLANG_WARN_CONSTANT_CONVERSION = YES;
				CLANG_WARN_DIRECT_OBJC_ISA_USAGE = YES_ERROR;
				CLANG_WARN_DOCUMENTATION_COMMENTS = YES;
				CLANG_WARN_EMPTY_BODY = YES;
				CLANG_WARN_ENUM_CONVERSION = YES;
				CLANG_WARN_INFINITE_RECURSION = YES;
				CLANG_WARN_INT_CONVERSION = YES;
				CLANG_WARN_OBJC_ROOT_CLASS = YES_ERROR;
				CLANG_WARN_SUSPICIOUS_MOVES = YES;
				CLANG_WARN_UNREACHABLE_CODE = YES;
				CLANG_WARN__DUPLICATE_METHOD_MATCH = YES;
				"CODE_SIGN_IDENTITY[sdk=iphoneos*]" = "iPhone Developer";
				COPY_PHASE_STRIP = NO;
				DEBUG_INFORMATION_FORMAT = "dwarf-with-dsym";
				ENABLE_NS_ASSERTIONS = NO;
				ENABLE_STRICT_OBJC_MSGSEND = YES;
				GCC_C_LANGUAGE_STANDARD = gnu99;
				GCC_NO_COMMON_BLOCKS = YES;
				GCC_WARN_64_TO_32_BIT_CONVERSION = YES;
				GCC_WARN_ABOUT_RETURN_TYPE = YES_ERROR;
				GCC_WARN_UNDECLARED_SELECTOR = YES;
				GCC_WARN_UNINITIALIZED_AUTOS = YES_AGGRESSIVE;
				GCC_WARN_UNUSED_FUNCTION = YES;
				GCC_WARN_UNUSED_VARIABLE = YES;
				IPHONEOS_DEPLOYMENT_TARGET = 10.0;
				MTL_ENABLE_DEBUG_INFO = NO;
				SDKROOT = iphoneos;
				SWIFT_OPTIMIZATION_LEVEL = "-Owholemodule";
				TARGETED_DEVICE_FAMILY = "1,2";
				VALIDATE_PRODUCT = YES;
			};
			name = Release;
		};
		9FB8C85C1DAA912C00AC6A57 /* Debug */ = {
			isa = XCBuildConfiguration;
			buildSettings = {
				ASSETCATALOG_COMPILER_APPICON_NAME = AppIcon;
				DEVELOPMENT_TEAM = T52YGY8GH7;
				INFOPLIST_FILE = ssa/Info.plist;
				IPHONEOS_DEPLOYMENT_TARGET = 10.0;
				LD_RUNPATH_SEARCH_PATHS = "$(inherited) @executable_path/Frameworks";
				LIBRARY_SEARCH_PATHS = "$(SRCROOT)/..";
				OTHER_LDFLAGS = "";
				PRODUCT_BUNDLE_IDENTIFIER = com.eecs481.ssaNU;
				PRODUCT_NAME = "$(TARGET_NAME)";
				SWIFT_OBJC_BRIDGING_HEADER = ../include/UgiSwiftBridgingHeader.h;
				SWIFT_VERSION = 3.0;
				USER_HEADER_SEARCH_PATHS = "../include/**";
			};
			name = Debug;
		};
		9FB8C85D1DAA912C00AC6A57 /* Release */ = {
			isa = XCBuildConfiguration;
			buildSettings = {
				ASSETCATALOG_COMPILER_APPICON_NAME = AppIcon;
				DEVELOPMENT_TEAM = T52YGY8GH7;
				INFOPLIST_FILE = ssa/Info.plist;
				IPHONEOS_DEPLOYMENT_TARGET = 10.0;
				LD_RUNPATH_SEARCH_PATHS = "$(inherited) @executable_path/Frameworks";
				LIBRARY_SEARCH_PATHS = "$(SRCROOT)/..";
				OTHER_LDFLAGS = "";
				PRODUCT_BUNDLE_IDENTIFIER = com.eecs481.ssaNU;
				PRODUCT_NAME = "$(TARGET_NAME)";
				SWIFT_OBJC_BRIDGING_HEADER = ../include/UgiSwiftBridgingHeader.h;
				SWIFT_VERSION = 3.0;
				USER_HEADER_SEARCH_PATHS = "../include/**";
			};
			name = Release;
		};
		9FB8C85F1DAA912C00AC6A57 /* Debug */ = {
			isa = XCBuildConfiguration;
			buildSettings = {
				ALWAYS_EMBED_SWIFT_STANDARD_LIBRARIES = YES;
				BUNDLE_LOADER = "$(TEST_HOST)";
				INFOPLIST_FILE = ssaTests/Info.plist;
				LD_RUNPATH_SEARCH_PATHS = "$(inherited) @executable_path/Frameworks @loader_path/Frameworks";
				PRODUCT_BUNDLE_IDENTIFIER = com.eecs481.ssaTests;
				PRODUCT_NAME = "$(TARGET_NAME)";
				SWIFT_VERSION = 3.0;
				TEST_HOST = "$(BUILT_PRODUCTS_DIR)/ssa.app/ssa";
			};
			name = Debug;
		};
		9FB8C8601DAA912C00AC6A57 /* Release */ = {
			isa = XCBuildConfiguration;
			buildSettings = {
				ALWAYS_EMBED_SWIFT_STANDARD_LIBRARIES = YES;
				BUNDLE_LOADER = "$(TEST_HOST)";
				INFOPLIST_FILE = ssaTests/Info.plist;
				LD_RUNPATH_SEARCH_PATHS = "$(inherited) @executable_path/Frameworks @loader_path/Frameworks";
				PRODUCT_BUNDLE_IDENTIFIER = com.eecs481.ssaTests;
				PRODUCT_NAME = "$(TARGET_NAME)";
				SWIFT_VERSION = 3.0;
				TEST_HOST = "$(BUILT_PRODUCTS_DIR)/ssa.app/ssa";
			};
			name = Release;
		};
		9FB8C8621DAA912C00AC6A57 /* Debug */ = {
			isa = XCBuildConfiguration;
			buildSettings = {
				ALWAYS_EMBED_SWIFT_STANDARD_LIBRARIES = YES;
				INFOPLIST_FILE = ssaUITests/Info.plist;
				LD_RUNPATH_SEARCH_PATHS = "$(inherited) @executable_path/Frameworks @loader_path/Frameworks";
				PRODUCT_BUNDLE_IDENTIFIER = com.eecs481.ssaUITests;
				PRODUCT_NAME = "$(TARGET_NAME)";
				SWIFT_VERSION = 3.0;
				TEST_TARGET_NAME = ssa;
			};
			name = Debug;
		};
		9FB8C8631DAA912C00AC6A57 /* Release */ = {
			isa = XCBuildConfiguration;
			buildSettings = {
				ALWAYS_EMBED_SWIFT_STANDARD_LIBRARIES = YES;
				INFOPLIST_FILE = ssaUITests/Info.plist;
				LD_RUNPATH_SEARCH_PATHS = "$(inherited) @executable_path/Frameworks @loader_path/Frameworks";
				PRODUCT_BUNDLE_IDENTIFIER = com.eecs481.ssaUITests;
				PRODUCT_NAME = "$(TARGET_NAME)";
				SWIFT_VERSION = 3.0;
				TEST_TARGET_NAME = ssa;
			};
			name = Release;
		};
/* End XCBuildConfiguration section */

/* Begin XCConfigurationList section */
		9FB8C82E1DAA912C00AC6A57 /* Build configuration list for PBXProject "ssa" */ = {
			isa = XCConfigurationList;
			buildConfigurations = (
				9FB8C8591DAA912C00AC6A57 /* Debug */,
				9FB8C85A1DAA912C00AC6A57 /* Release */,
			);
			defaultConfigurationIsVisible = 0;
			defaultConfigurationName = Release;
		};
		9FB8C85B1DAA912C00AC6A57 /* Build configuration list for PBXNativeTarget "ssa" */ = {
			isa = XCConfigurationList;
			buildConfigurations = (
				9FB8C85C1DAA912C00AC6A57 /* Debug */,
				9FB8C85D1DAA912C00AC6A57 /* Release */,
			);
			defaultConfigurationIsVisible = 0;
			defaultConfigurationName = Release;
		};
		9FB8C85E1DAA912C00AC6A57 /* Build configuration list for PBXNativeTarget "ssaTests" */ = {
			isa = XCConfigurationList;
			buildConfigurations = (
				9FB8C85F1DAA912C00AC6A57 /* Debug */,
				9FB8C8601DAA912C00AC6A57 /* Release */,
			);
			defaultConfigurationIsVisible = 0;
			defaultConfigurationName = Release;
		};
		9FB8C8611DAA912C00AC6A57 /* Build configuration list for PBXNativeTarget "ssaUITests" */ = {
			isa = XCConfigurationList;
			buildConfigurations = (
				9FB8C8621DAA912C00AC6A57 /* Debug */,
				9FB8C8631DAA912C00AC6A57 /* Release */,
			);
			defaultConfigurationIsVisible = 0;
			defaultConfigurationName = Release;
		};
/* End XCConfigurationList section */
	};
	rootObject = 9FB8C82B1DAA912C00AC6A57 /* Project object */;
}
